
Microsoft Visual Studio Solution File, Format Version 12.00
# Visual Studio Version 17
VisualStudioVersion = 17.0.32112.339
MinimumVisualStudioVersion = 10.0.40219.1
Project("{9A19103F-16F7-4668-BE54-9A1E7A4F7556}") = "BooksCatalog", "BooksCatalog\BooksCatalog.csproj", "{708BAE37-BCC3-49F3-BA65-1F71B9699E06}"
EndProject
Project("{9A19103F-16F7-4668-BE54-9A1E7A4F7556}") = "DataAbstraction", "DataAbstraction\DataAbstraction.csproj", "{9A20A9BF-8DA6-4703-A045-829024286708}"
EndProject
Project("{9A19103F-16F7-4668-BE54-9A1E7A4F7556}") = "BooksRepositoryMongo", "BooksRepositoryMongo\BooksRepositoryMongo.csproj", "{19A282BA-2F47-433E-B7B8-DAD57124CC53}"
EndProject
Project("{FAE04EC0-301F-11D3-BF4B-00C04F79EFBC}") = "DataValidationService", "DataValidationService\DataValidationService.csproj", "{3688F6D8-0FDE-4AF4-9ECF-6C37C3023674}"
EndProject
Global
	GlobalSection(SolutionConfigurationPlatforms) = preSolution
		Debug|Any CPU = Debug|Any CPU
		Release|Any CPU = Release|Any CPU
	EndGlobalSection
	GlobalSection(ProjectConfigurationPlatforms) = postSolution
		{708BAE37-BCC3-49F3-BA65-1F71B9699E06}.Debug|Any CPU.ActiveCfg = Debug|Any CPU
		{708BAE37-BCC3-49F3-BA65-1F71B9699E06}.Debug|Any CPU.Build.0 = Debug|Any CPU
		{708BAE37-BCC3-49F3-BA65-1F71B9699E06}.Release|Any CPU.ActiveCfg = Release|Any CPU
		{708BAE37-BCC3-49F3-BA65-1F71B9699E06}.Release|Any CPU.Build.0 = Release|Any CPU
		{9A20A9BF-8DA6-4703-A045-829024286708}.Debug|Any CPU.ActiveCfg = Debug|Any CPU
		{9A20A9BF-8DA6-4703-A045-829024286708}.Debug|Any CPU.Build.0 = Debug|Any CPU
		{9A20A9BF-8DA6-4703-A045-829024286708}.Release|Any CPU.ActiveCfg = Release|Any CPU
		{9A20A9BF-8DA6-4703-A045-829024286708}.Release|Any CPU.Build.0 = Release|Any CPU
		{19A282BA-2F47-433E-B7B8-DAD57124CC53}.Debug|Any CPU.ActiveCfg = Debug|Any CPU
		{19A282BA-2F47-433E-B7B8-DAD57124CC53}.Debug|Any CPU.Build.0 = Debug|Any CPU
		{19A282BA-2F47-433E-B7B8-DAD57124CC53}.Release|Any CPU.ActiveCfg = Release|Any CPU
		{19A282BA-2F47-433E-B7B8-DAD57124CC53}.Release|Any CPU.Build.0 = Release|Any CPU
		{3688F6D8-0FDE-4AF4-9ECF-6C37C3023674}.Debug|Any CPU.ActiveCfg = Debug|Any CPU
		{3688F6D8-0FDE-4AF4-9ECF-6C37C3023674}.Debug|Any CPU.Build.0 = Debug|Any CPU
		{3688F6D8-0FDE-4AF4-9ECF-6C37C3023674}.Release|Any CPU.ActiveCfg = Release|Any CPU
		{3688F6D8-0FDE-4AF4-9ECF-6C37C3023674}.Release|Any CPU.Build.0 = Release|Any CPU
	EndGlobalSection
	GlobalSection(SolutionProperties) = preSolution
		HideSolutionNode = FALSE
	EndGlobalSection
	GlobalSection(ExtensibilityGlobals) = postSolution
		SolutionGuid = {D25AF71D-F798-4DB7-A6B0-451807F7EBF4}
	EndGlobalSection
EndGlobal
